
Microsoft Visual Studio Solution File, Format Version 12.00
# Visual Studio Version 16
VisualStudioVersion = 16.0.29609.76
MinimumVisualStudioVersion = 10.0.40219.1
Project("{FAE04EC0-301F-11D3-BF4B-00C04F79EFBC}") = "RMSDataManager", "RMSDataManager\RMSDataManager.csproj", "{8659EFC3-9874-436E-B429-01C859714B14}"
EndProject
Project("{00D1A9C2-B5F0-4AF3-8072-F6C62B433612}") = "RMSDatabase", "RMSDatabase\RMSDatabase.sqlproj", "{81F15A1C-E22E-408D-8421-460CBC06CC04}"
EndProject
Global
	GlobalSection(SolutionConfigurationPlatforms) = preSolution
		Debug|Any CPU = Debug|Any CPU
		Release|Any CPU = Release|Any CPU
	EndGlobalSection
	GlobalSection(ProjectConfigurationPlatforms) = postSolution
		{8659EFC3-9874-436E-B429-01C859714B14}.Debug|Any CPU.ActiveCfg = Debug|Any CPU
		{8659EFC3-9874-436E-B429-01C859714B14}.Debug|Any CPU.Build.0 = Debug|Any CPU
		{8659EFC3-9874-436E-B429-01C859714B14}.Release|Any CPU.ActiveCfg = Release|Any CPU
		{8659EFC3-9874-436E-B429-01C859714B14}.Release|Any CPU.Build.0 = Release|Any CPU
		{81F15A1C-E22E-408D-8421-460CBC06CC04}.Debug|Any CPU.ActiveCfg = Debug|Any CPU
		{81F15A1C-E22E-408D-8421-460CBC06CC04}.Debug|Any CPU.Build.0 = Debug|Any CPU
		{81F15A1C-E22E-408D-8421-460CBC06CC04}.Debug|Any CPU.Deploy.0 = Debug|Any CPU
		{81F15A1C-E22E-408D-8421-460CBC06CC04}.Release|Any CPU.ActiveCfg = Release|Any CPU
		{81F15A1C-E22E-408D-8421-460CBC06CC04}.Release|Any CPU.Build.0 = Release|Any CPU
		{81F15A1C-E22E-408D-8421-460CBC06CC04}.Release|Any CPU.Deploy.0 = Release|Any CPU
	EndGlobalSection
	GlobalSection(SolutionProperties) = preSolution
		HideSolutionNode = FALSE
	EndGlobalSection
	GlobalSection(ExtensibilityGlobals) = postSolution
		SolutionGuid = {42A7D89D-C94C-4995-BF32-BE222CCB65B5}
	EndGlobalSection
EndGlobal
